// !$*UTF8*$!
{
	archiveVersion = 1;
	classes = {
	};
	objectVersion = 52;
	objects = {

/* Begin PBXBuildFile section */
		3FFE7F8625A40D9900B39943 /* AppDelegate.swift in Sources */ = {isa = PBXBuildFile; fileRef = 3FFE7F8525A40D9900B39943 /* AppDelegate.swift */; };
		3FFE7F8A25A40D9900B39943 /* ViewController.swift in Sources */ = {isa = PBXBuildFile; fileRef = 3FFE7F8925A40D9900B39943 /* ViewController.swift */; };
		3FFE7F8D25A40D9900B39943 /* Main.storyboard in Resources */ = {isa = PBXBuildFile; fileRef = 3FFE7F8B25A40D9900B39943 /* Main.storyboard */; };
		3FFE7F8F25A40D9B00B39943 /* Assets.xcassets in Resources */ = {isa = PBXBuildFile; fileRef = 3FFE7F8E25A40D9B00B39943 /* Assets.xcassets */; };
		3FFE7F9225A40D9B00B39943 /* LaunchScreen.storyboard in Resources */ = {isa = PBXBuildFile; fileRef = 3FFE7F9025A40D9B00B39943 /* LaunchScreen.storyboard */; };
		CA658B2C25A439110092AB4F /* SnapKit in Frameworks */ = {isa = PBXBuildFile; productRef = CA658B2B25A439110092AB4F /* SnapKit */; };
		CA658B3025A4391F0092AB4F /* SwiftyJSON in Frameworks */ = {isa = PBXBuildFile; productRef = CA658B2F25A4391F0092AB4F /* SwiftyJSON */; };
		CA658B3325A4393B0092AB4F /* mainCollectionViewCell.swift in Sources */ = {isa = PBXBuildFile; fileRef = CA658B3225A4393B0092AB4F /* mainCollectionViewCell.swift */; };
		CA658B3625A439410092AB4F /* testModel.swift in Sources */ = {isa = PBXBuildFile; fileRef = CA658B3525A439410092AB4F /* testModel.swift */; };
		CA658B3925A439450092AB4F /* test.json in Resources */ = {isa = PBXBuildFile; fileRef = CA658B3825A439450092AB4F /* test.json */; };
/* End PBXBuildFile section */

/* Begin PBXFileReference section */
		3FFE7F8225A40D9900B39943 /* Sample001-Swift.app */ = {isa = PBXFileReference; explicitFileType = wrapper.application; includeInIndex = 0; path = "Sample001-Swift.app"; sourceTree = BUILT_PRODUCTS_DIR; };
		3FFE7F8525A40D9900B39943 /* AppDelegate.swift */ = {isa = PBXFileReference; lastKnownFileType = sourcecode.swift; path = AppDelegate.swift; sourceTree = "<group>"; };
		3FFE7F8925A40D9900B39943 /* ViewController.swift */ = {isa = PBXFileReference; lastKnownFileType = sourcecode.swift; path = ViewController.swift; sourceTree = "<group>"; };
		3FFE7F8C25A40D9900B39943 /* Base */ = {isa = PBXFileReference; lastKnownFileType = file.storyboard; name = Base; path = Base.lproj/Main.storyboard; sourceTree = "<group>"; };
		3FFE7F8E25A40D9B00B39943 /* Assets.xcassets */ = {isa = PBXFileReference; lastKnownFileType = folder.assetcatalog; path = Assets.xcassets; sourceTree = "<group>"; };
		3FFE7F9125A40D9B00B39943 /* Base */ = {isa = PBXFileReference; lastKnownFileType = file.storyboard; name = Base; path = Base.lproj/LaunchScreen.storyboard; sourceTree = "<group>"; };
		3FFE7F9325A40D9B00B39943 /* Info.plist */ = {isa = PBXFileReference; lastKnownFileType = text.plist.xml; path = Info.plist; sourceTree = "<group>"; };
		CA658B3225A4393B0092AB4F /* mainCollectionViewCell.swift */ = {isa = PBXFileReference; fileEncoding = 4; lastKnownFileType = sourcecode.swift; path = mainCollectionViewCell.swift; sourceTree = "<group>"; };
		CA658B3525A439410092AB4F /* testModel.swift */ = {isa = PBXFileReference; fileEncoding = 4; lastKnownFileType = sourcecode.swift; path = testModel.swift; sourceTree = "<group>"; };
		CA658B3825A439450092AB4F /* test.json */ = {isa = PBXFileReference; fileEncoding = 4; lastKnownFileType = text.json; path = test.json; sourceTree = "<group>"; };
/* End PBXFileReference section */

/* Begin PBXFrameworksBuildPhase section */
		3FFE7F7F25A40D9900B39943 /* Frameworks */ = {
			isa = PBXFrameworksBuildPhase;
			buildActionMask = 2147483647;
			files = (
				CA658B3025A4391F0092AB4F /* SwiftyJSON in Frameworks */,
				CA658B2C25A439110092AB4F /* SnapKit in Frameworks */,
			);
			runOnlyForDeploymentPostprocessing = 0;
		};
/* End PBXFrameworksBuildPhase section */

/* Begin PBXGroup section */
		3FFE7F7925A40D9900B39943 = {
			isa = PBXGroup;
			children = (
				3FFE7F8425A40D9900B39943 /* Sample001-Swift */,
				3FFE7F8325A40D9900B39943 /* Products */,
			);
			sourceTree = "<group>";
		};
		3FFE7F8325A40D9900B39943 /* Products */ = {
			isa = PBXGroup;
			children = (
				3FFE7F8225A40D9900B39943 /* Sample001-Swift.app */,
			);
			name = Products;
			sourceTree = "<group>";
		};
		3FFE7F8425A40D9900B39943 /* Sample001-Swift */ = {
			isa = PBXGroup;
			children = (
				3FFE7F8525A40D9900B39943 /* AppDelegate.swift */,
				CA658B3825A439450092AB4F /* test.json */,
				CA658B3B25A4395B0092AB4F /* Model */,
				CA658B3C25A439610092AB4F /* Controller */,
				CA658B3D25A4396D0092AB4F /* View */,
				3FFE7F8B25A40D9900B39943 /* Main.storyboard */,
				3FFE7F8E25A40D9B00B39943 /* Assets.xcassets */,
				3FFE7F9025A40D9B00B39943 /* LaunchScreen.storyboard */,
				3FFE7F9325A40D9B00B39943 /* Info.plist */,
			);
			path = "Sample001-Swift";
			sourceTree = "<group>";
		};
		CA658B3B25A4395B0092AB4F /* Model */ = {
			isa = PBXGroup;
			children = (
				CA658B3525A439410092AB4F /* testModel.swift */,
			);
			path = Model;
			sourceTree = "<group>";
		};
		CA658B3C25A439610092AB4F /* Controller */ = {
			isa = PBXGroup;
			children = (
				3FFE7F8925A40D9900B39943 /* ViewController.swift */,
			);
			path = Controller;
			sourceTree = "<group>";
		};
		CA658B3D25A4396D0092AB4F /* View */ = {
			isa = PBXGroup;
			children = (
				CA658B3225A4393B0092AB4F /* mainCollectionViewCell.swift */,
			);
			path = View;
			sourceTree = "<group>";
		};
/* End PBXGroup section */

/* Begin PBXNativeTarget section */
		3FFE7F8125A40D9900B39943 /* Sample001-Swift */ = {
			isa = PBXNativeTarget;
			buildConfigurationList = 3FFE7F9625A40D9B00B39943 /* Build configuration list for PBXNativeTarget "Sample001-Swift" */;
			buildPhases = (
				3FFE7F7E25A40D9900B39943 /* Sources */,
				3FFE7F7F25A40D9900B39943 /* Frameworks */,
				3FFE7F8025A40D9900B39943 /* Resources */,
			);
			buildRules = (
			);
			dependencies = (
			);
			name = "Sample001-Swift";
			packageProductDependencies = (
				CA658B2B25A439110092AB4F /* SnapKit */,
				CA658B2F25A4391F0092AB4F /* SwiftyJSON */,
			);
			productName = "Sample001-Swift";
			productReference = 3FFE7F8225A40D9900B39943 /* Sample001-Swift.app */;
			productType = "com.apple.product-type.application";
		};
/* End PBXNativeTarget section */

/* Begin PBXProject section */
		3FFE7F7A25A40D9900B39943 /* Project object */ = {
			isa = PBXProject;
			attributes = {
				LastSwiftUpdateCheck = 1220;
				LastUpgradeCheck = 1220;
				TargetAttributes = {
					3FFE7F8125A40D9900B39943 = {
						CreatedOnToolsVersion = 12.2;
					};
				};
			};
			buildConfigurationList = 3FFE7F7D25A40D9900B39943 /* Build configuration list for PBXProject "Sample001-Swift" */;
			compatibilityVersion = "Xcode 9.3";
			developmentRegion = en;
			hasScannedForEncodings = 0;
			knownRegions = (
				en,
				Base,
			);
			mainGroup = 3FFE7F7925A40D9900B39943;
			packageReferences = (
				CA658B2A25A439110092AB4F /* XCRemoteSwiftPackageReference "SnapKit" */,
				CA658B2E25A4391F0092AB4F /* XCRemoteSwiftPackageReference "SwiftyJSON" */,
			);
			productRefGroup = 3FFE7F8325A40D9900B39943 /* Products */;
			projectDirPath = "";
			projectRoot = "";
			targets = (
				3FFE7F8125A40D9900B39943 /* Sample001-Swift */,
			);
		};
/* End PBXProject section */

/* Begin PBXResourcesBuildPhase section */
		3FFE7F8025A40D9900B39943 /* Resources */ = {
			isa = PBXResourcesBuildPhase;
			buildActionMask = 2147483647;
			files = (
				3FFE7F9225A40D9B00B39943 /* LaunchScreen.storyboard in Resources */,
				CA658B3925A439450092AB4F /* test.json in Resources */,
				3FFE7F8F25A40D9B00B39943 /* Assets.xcassets in Resources */,
				3FFE7F8D25A40D9900B39943 /* Main.storyboard in Resources */,
			);
			runOnlyForDeploymentPostprocessing = 0;
		};
/* End PBXResourcesBuildPhase section */

/* Begin PBXSourcesBuildPhase section */
		3FFE7F7E25A40D9900B39943 /* Sources */ = {
			isa = PBXSourcesBuildPhase;
			buildActionMask = 2147483647;
			files = (
				3FFE7F8A25A40D9900B39943 /* ViewController.swift in Sources */,
				3FFE7F8625A40D9900B39943 /* AppDelegate.swift in Sources */,
				CA658B3325A4393B0092AB4F /* mainCollectionViewCell.swift in Sources */,
				CA658B3625A439410092AB4F /* testModel.swift in Sources */,
			);
			runOnlyForDeploymentPostprocessing = 0;
		};
/* End PBXSourcesBuildPhase section */

/* Begin PBXVariantGroup section */
		3FFE7F8B25A40D9900B39943 /* Main.storyboard */ = {
			isa = PBXVariantGroup;
			children = (
				3FFE7F8C25A40D9900B39943 /* Base */,
			);
			name = Main.storyboard;
			sourceTree = "<group>";
		};
		3FFE7F9025A40D9B00B39943 /* LaunchScreen.storyboard */ = {
			isa = PBXVariantGroup;
			children = (
				3FFE7F9125A40D9B00B39943 /* Base */,
			);
			name = LaunchScreen.storyboard;
			sourceTree = "<group>";
		};
/* End PBXVariantGroup section */

/* Begin XCBuildConfiguration section */
		3FFE7F9425A40D9B00B39943 /* Debug */ = {
			isa = XCBuildConfiguration;
			buildSettings = {
				ALWAYS_SEARCH_USER_PATHS = NO;
				CLANG_ANALYZER_NONNULL = YES;
				CLANG_ANALYZER_NUMBER_OBJECT_CONVERSION = YES_AGGRESSIVE;
				CLANG_CXX_LANGUAGE_STANDARD = "gnu++14";
				CLANG_CXX_LIBRARY = "libc++";
				CLANG_ENABLE_MODULES = YES;
				CLANG_ENABLE_OBJC_ARC = YES;
				CLANG_ENABLE_OBJC_WEAK = YES;
				CLANG_WARN_BLOCK_CAPTURE_AUTORELEASING = YES;
				CLANG_WARN_BOOL_CONVERSION = YES;
				CLANG_WARN_COMMA = YES;
				CLANG_WARN_CONSTANT_CONVERSION = YES;
				CLANG_WARN_DEPRECATED_OBJC_IMPLEMENTATIONS = YES;
				CLANG_WARN_DIRECT_OBJC_ISA_USAGE = YES_ERROR;
				CLANG_WARN_DOCUMENTATION_COMMENTS = YES;
				CLANG_WARN_EMPTY_BODY = YES;
				CLANG_WARN_ENUM_CONVERSION = YES;
				CLANG_WARN_INFINITE_RECURSION = YES;
				CLANG_WARN_INT_CONVERSION = YES;
				CLANG_WARN_NON_LITERAL_NULL_CONVERSION = YES;
				CLANG_WARN_OBJC_IMPLICIT_RETAIN_SELF = YES;
				CLANG_WARN_OBJC_LITERAL_CONVERSION = YES;
				CLANG_WARN_OBJC_ROOT_CLASS = YES_ERROR;
				CLANG_WARN_QUOTED_INCLUDE_IN_FRAMEWORK_HEADER = YES;
				CLANG_WARN_RANGE_LOOP_ANALYSIS = YES;
				CLANG_WARN_STRICT_PROTOTYPES = YES;
				CLANG_WARN_SUSPICIOUS_MOVE = YES;
				CLANG_WARN_UNGUARDED_AVAILABILITY = YES_AGGRESSIVE;
				CLANG_WARN_UNREACHABLE_CODE = YES;
				CLANG_WARN__DUPLICATE_METHOD_MATCH = YES;
				COPY_PHASE_STRIP = NO;
				DEBUG_INFORMATION_FORMAT = dwarf;
				ENABLE_STRICT_OBJC_MSGSEND = YES;
				ENABLE_TESTABILITY = YES;
				GCC_C_LANGUAGE_STANDARD = gnu11;
				GCC_DYNAMIC_NO_PIC = NO;
				GCC_NO_COMMON_BLOCKS = YES;
				GCC_OPTIMIZATION_LEVEL = 0;
				GCC_PREPROCESSOR_DEFINITIONS = (
					"DEBUG=1",
					"$(inherited)",
				);
				GCC_WARN_64_TO_32_BIT_CONVERSION = YES;
				GCC_WARN_ABOUT_RETURN_TYPE = YES_ERROR;
				GCC_WARN_UNDECLARED_SELECTOR = YES;
				GCC_WARN_UNINITIALIZED_AUTOS = YES_AGGRESSIVE;
				GCC_WARN_UNUSED_FUNCTION = YES;
				GCC_WARN_UNUSED_VARIABLE = YES;
				IPHONEOS_DEPLOYMENT_TARGET = 14.2;
				MTL_ENABLE_DEBUG_INFO = INCLUDE_SOURCE;
				MTL_FAST_MATH = YES;
				ONLY_ACTIVE_ARCH = YES;
				SDKROOT = iphoneos;
				SWIFT_ACTIVE_COMPILATION_CONDITIONS = DEBUG;
				SWIFT_OPTIMIZATION_LEVEL = "-Onone";
			};
			name = Debug;
		};
		3FFE7F9525A40D9B00B39943 /* Release */ = {
			isa = XCBuildConfiguration;
			buildSettings = {
				ALWAYS_SEARCH_USER_PATHS = NO;
				CLANG_ANALYZER_NONNULL = YES;
				CLANG_ANALYZER_NUMBER_OBJECT_CONVERSION = YES_AGGRESSIVE;
				CLANG_CXX_LANGUAGE_STANDARD = "gnu++14";
				CLANG_CXX_LIBRARY = "libc++";
				CLANG_ENABLE_MODULES = YES;
				CLANG_ENABLE_OBJC_ARC = YES;
				CLANG_ENABLE_OBJC_WEAK = YES;
				CLANG_WARN_BLOCK_CAPTURE_AUTORELEASING = YES;
				CLANG_WARN_BOOL_CONVERSION = YES;
				CLANG_WARN_COMMA = YES;
				CLANG_WARN_CONSTANT_CONVERSION = YES;
				CLANG_WARN_DEPRECATED_OBJC_IMPLEMENTATIONS = YES;
				CLANG_WARN_DIRECT_OBJC_ISA_USAGE = YES_ERROR;
				CLANG_WARN_DOCUMENTATION_COMMENTS = YES;
				CLANG_WARN_EMPTY_BODY = YES;
				CLANG_WARN_ENUM_CONVERSION = YES;
				CLANG_WARN_INFINITE_RECURSION = YES;
				CLANG_WARN_INT_CONVERSION = YES;
				CLANG_WARN_NON_LITERAL_NULL_CONVERSION = YES;
				CLANG_WARN_OBJC_IMPLICIT_RETAIN_SELF = YES;
				CLANG_WARN_OBJC_LITERAL_CONVERSION = YES;
				CLANG_WARN_OBJC_ROOT_CLASS = YES_ERROR;
				CLANG_WARN_QUOTED_INCLUDE_IN_FRAMEWORK_HEADER = YES;
				CLANG_WARN_RANGE_LOOP_ANALYSIS = YES;
				CLANG_WARN_STRICT_PROTOTYPES = YES;
				CLANG_WARN_SUSPICIOUS_MOVE = YES;
				CLANG_WARN_UNGUARDED_AVAILABILITY = YES_AGGRESSIVE;
				CLANG_WARN_UNREACHABLE_CODE = YES;
				CLANG_WARN__DUPLICATE_METHOD_MATCH = YES;
				COPY_PHASE_STRIP = NO;
				DEBUG_INFORMATION_FORMAT = "dwarf-with-dsym";
				ENABLE_NS_ASSERTIONS = NO;
				ENABLE_STRICT_OBJC_MSGSEND = YES;
				GCC_C_LANGUAGE_STANDARD = gnu11;
				GCC_NO_COMMON_BLOCKS = YES;
				GCC_WARN_64_TO_32_BIT_CONVERSION = YES;
				GCC_WARN_ABOUT_RETURN_TYPE = YES_ERROR;
				GCC_WARN_UNDECLARED_SELECTOR = YES;
				GCC_WARN_UNINITIALIZED_AUTOS = YES_AGGRESSIVE;
				GCC_WARN_UNUSED_FUNCTION = YES;
				GCC_WARN_UNUSED_VARIABLE = YES;
				IPHONEOS_DEPLOYMENT_TARGET = 14.2;
				MTL_ENABLE_DEBUG_INFO = NO;
				MTL_FAST_MATH = YES;
				SDKROOT = iphoneos;
				SWIFT_COMPILATION_MODE = wholemodule;
				SWIFT_OPTIMIZATION_LEVEL = "-O";
				VALIDATE_PRODUCT = YES;
			};
			name = Release;
		};
		3FFE7F9725A40D9B00B39943 /* Debug */ = {
			isa = XCBuildConfiguration;
			buildSettings = {
				ASSETCATALOG_COMPILER_APPICON_NAME = AppIcon;
				ASSETCATALOG_COMPILER_GLOBAL_ACCENT_COLOR_NAME = AccentColor;
				CODE_SIGN_STYLE = Automatic;
				DEVELOPMENT_TEAM = JP86SWNN93;
				INFOPLIST_FILE = "Sample001-Swift/Info.plist";
				IPHONEOS_DEPLOYMENT_TARGET = 12.0;
				LD_RUNPATH_SEARCH_PATHS = (
					"$(inherited)",
					"@executable_path/Frameworks",
				);
				PRODUCT_BUNDLE_IDENTIFIER = "kr.co.sample001-Swift";
				PRODUCT_NAME = "$(TARGET_NAME)";
				SWIFT_VERSION = 5.0;
				TARGETED_DEVICE_FAMILY = "1,2";
			};
			name = Debug;
		};
		3FFE7F9825A40D9B00B39943 /* Release */ = {
			isa = XCBuildConfiguration;
			buildSettings = {
				ASSETCATALOG_COMPILER_APPICON_NAME = AppIcon;
				ASSETCATALOG_COMPILER_GLOBAL_ACCENT_COLOR_NAME = AccentColor;
				CODE_SIGN_STYLE = Automatic;
				DEVELOPMENT_TEAM = JP86SWNN93;
				INFOPLIST_FILE = "Sample001-Swift/Info.plist";
				IPHONEOS_DEPLOYMENT_TARGET = 12.0;
				LD_RUNPATH_SEARCH_PATHS = (
					"$(inherited)",
					"@executable_path/Frameworks",
				);
				PRODUCT_BUNDLE_IDENTIFIER = "kr.co.sample001-Swift";
				PRODUCT_NAME = "$(TARGET_NAME)";
				SWIFT_VERSION = 5.0;
				TARGETED_DEVICE_FAMILY = "1,2";
			};
			name = Release;
		};
/* End XCBuildConfiguration section */

/* Begin XCConfigurationList section */
		3FFE7F7D25A40D9900B39943 /* Build configuration list for PBXProject "Sample001-Swift" */ = {
			isa = XCConfigurationList;
			buildConfigurations = (
				3FFE7F9425A40D9B00B39943 /* Debug */,
				3FFE7F9525A40D9B00B39943 /* Release */,
			);
			defaultConfigurationIsVisible = 0;
			defaultConfigurationName = Release;
		};
		3FFE7F9625A40D9B00B39943 /* Build configuration list for PBXNativeTarget "Sample001-Swift" */ = {
			isa = XCConfigurationList;
			buildConfigurations = (
				3FFE7F9725A40D9B00B39943 /* Debug */,
				3FFE7F9825A40D9B00B39943 /* Release */,
			);
			defaultConfigurationIsVisible = 0;
			defaultConfigurationName = Release;
		};
/* End XCConfigurationList section */

/* Begin XCRemoteSwiftPackageReference section */
		CA658B2A25A439110092AB4F /* XCRemoteSwiftPackageReference "SnapKit" */ = {
			isa = XCRemoteSwiftPackageReference;
			repositoryURL = "https://github.com/SnapKit/SnapKit";
			requirement = {
				kind = upToNextMajorVersion;
				minimumVersion = 5.0.1;
			};
		};
		CA658B2E25A4391F0092AB4F /* XCRemoteSwiftPackageReference "SwiftyJSON" */ = {
			isa = XCRemoteSwiftPackageReference;
			repositoryURL = "https://github.com/SwiftyJSON/SwiftyJSON";
			requirement = {
				kind = upToNextMajorVersion;
				minimumVersion = 5.0.0;
			};
		};
/* End XCRemoteSwiftPackageReference section */

/* Begin XCSwiftPackageProductDependency section */
		CA658B2B25A439110092AB4F /* SnapKit */ = {
			isa = XCSwiftPackageProductDependency;
			package = CA658B2A25A439110092AB4F /* XCRemoteSwiftPackageReference "SnapKit" */;
			productName = SnapKit;
		};
		CA658B2F25A4391F0092AB4F /* SwiftyJSON */ = {
			isa = XCSwiftPackageProductDependency;
			package = CA658B2E25A4391F0092AB4F /* XCRemoteSwiftPackageReference "SwiftyJSON" */;
			productName = SwiftyJSON;
		};
/* End XCSwiftPackageProductDependency section */
	};
	rootObject = 3FFE7F7A25A40D9900B39943 /* Project object */;
}
